{
  "version": 4,
  "terraform_version": "1.0.6",
  "serial": 23,
  "lineage": "db94f282-2ba9-4b21-5d25-3a542a4b5d12",
  "outputs": {},
  "resources": [
    {
      "mode": "data",
      "type": "yandex_compute_image",
      "name": "ubuntu2004",
      "provider": "provider[\"registry.terraform.io/yandex-cloud/yandex\"]",
      "instances": [
        {
          "schema_version": 0,
          "attributes": {
            "created_at": "2021-09-08T16:35:08Z",
            "description": "ubuntu 20.04 lts",
            "family": "ubuntu-2004-lts",
            "folder_id": "standard-images",
            "id": "fd81hgrcv6lsnkremf32",
            "image_id": "fd81hgrcv6lsnkremf32",
            "labels": {},
            "min_disk_size": 3,
            "name": "ubuntu-20-04-lts-v20210908",
            "os_type": "linux",
            "product_ids": [
              "f2e4vkdnbdu1d3abiuto"
            ],
            "size": 2,
            "status": "ready"
          },
          "sensitive_attributes": []
        }
      ]
    },
    {
      "mode": "managed",
      "type": "yandex_compute_instance",
      "name": "vm2",
      "provider": "provider[\"registry.terraform.io/yandex-cloud/yandex\"]",
      "instances": [
        {
          "schema_version": 1,
          "attributes": {
            "allow_stopping_for_update": null,
            "boot_disk": [
              {
                "auto_delete": true,
                "device_name": "fhmieg7mdgufrcs2egio",
                "disk_id": "fhmieg7mdgufrcs2egio",
                "initialize_params": [
                  {
                    "description": "",
                    "image_id": "fd81hgrcv6lsnkremf32",
                    "name": "",
                    "size": 10,
                    "snapshot_id": "",
                    "type": "network-ssd"
                  }
                ],
                "mode": "READ_WRITE"
              }
            ],
            "created_at": "2021-09-12T08:52:35Z",
            "description": "",
            "folder_id": "b1g9jla7j5d8dppdh3d1",
            "fqdn": "vm2.ru-central1.internal",
            "hostname": "vm2",
            "id": "fhmvboqgj7f6q31ggoj5",
            "labels": null,
            "metadata": {
              "user-data": "users:\n  - name: user\n    groups: sudo\n    shell: /bin/bash\n    sudo: ['ALL=(ALL) NOPASSWD:ALL']\n    ssh-authorized-keys:\n      - ssh-rsa AAAAB3NzaC1yc2EAAAADAQABAAABgQD0fK/xvgLTMbE2VP2JiKcMWjSkLIFvOT2MKeyykCv2DppbiqqPEAamR1bxI5dNaIygNf5WnQBPilAfvQjGgLN4txKepcV0VpIAq8mx1NJmp7TnyRjuOs2fMfWs/FcZ8h4qiX8Mo8mVeWfsQROs3GpOL8LrueX7MSOdE9Crmsv991EJLcoM00CUAkqZhNcXxoXiJ9nmpgVfXejnFu+BvoGpdzkVfjMjY+tSFj5YvZFUnQv9ipdSa2AZe4vfoLlBhFCcG5rb3kg0288fKWs81+eN1M59ewRH+5iG/pa9lmd4gnFE/UsJSzxJkFFKenXNeHhIT/pDccSicBzC3EKW/Y8IPm77BY5JPD3jp1uc72VtNzck09zmMTeP+wcgMv/jpI4SlaMuoLrrYorX1JbY94wFrvw1BTL28D8E3Q21fPZO+K2i+J/hODDfqY/Fc0FcfO5o1aYHmySLJ2Y8sK80cHXuRAHU8ngt7KoTC4lqEELpMHBD5faS8sv06IU+YICNtJM= user@vm1\n      "
            },
            "name": "vm2",
            "network_acceleration_type": "standard",
            "network_interface": [
              {
                "dns_record": [],
                "index": 0,
                "ip_address": "10.128.0.24",
                "ipv4": true,
                "ipv6": false,
                "ipv6_address": "",
                "ipv6_dns_record": [],
                "mac_address": "d0:0d:1f:5e:35:09",
                "nat": false,
                "nat_dns_record": [],
                "nat_ip_address": "",
                "nat_ip_version": "",
                "security_group_ids": [],
                "subnet_id": "e9bjglrhvitgdvbri25l"
              }
            ],
            "placement_policy": [
              {
                "placement_group_id": ""
              }
            ],
            "platform_id": "standard-v1",
            "resources": [
              {
                "core_fraction": 20,
                "cores": 2,
                "gpus": 0,
                "memory": 2
              }
            ],
            "scheduling_policy": [
              {
                "preemptible": true
              }
            ],
            "secondary_disk": [],
            "service_account_id": "aje9vc1j0lnu9um46s13",
            "status": "running",
            "timeouts": null,
            "zone": "ru-central1-a"
          },
          "sensitive_attributes": [],
          "private": "eyJlMmJmYjczMC1lY2FhLTExZTYtOGY4OC0zNDM2M2JjN2M0YzAiOnsiY3JlYXRlIjozMDAwMDAwMDAwMDAsImRlbGV0ZSI6MzAwMDAwMDAwMDAwLCJ1cGRhdGUiOjMwMDAwMDAwMDAwMH0sInNjaGVtYV92ZXJzaW9uIjoiMSJ9",
          "dependencies": [
            "data.yandex_compute_image.ubuntu2004"
          ]
        }
      ]
    }
  ]
}
